{
  "version": 4,
  "terraform_version": "1.7.4",
  "serial": 160,
  "lineage": "128d1879-9a7b-05c7-93aa-913122e3a82b",
  "outputs": {},
  "resources": [
    {
      "mode": "managed",
      "type": "google_compute_autoscaler",
      "name": "default",
      "provider": "provider[\"registry.terraform.io/hashicorp/google\"]",
      "instances": [
        {
          "schema_version": 0,
          "attributes": {
            "autoscaling_policy": [
              {
                "cooldown_period": 60,
                "cpu_utilization": [
                  {
                    "predictive_method": "NONE",
                    "target": 0.5
                  }
                ],
                "load_balancing_utilization": [],
                "max_replicas": 3,
                "metric": [],
                "min_replicas": 1,
                "mode": "ON",
                "scale_in_control": [],
                "scaling_schedules": []
              }
            ],
            "creation_timestamp": "2024-03-10T06:40:28.599-07:00",
            "description": "",
            "id": "projects/kartaca-416714/zones/europe-west1-d/autoscalers/my-autoscaler",
            "name": "my-autoscaler",
            "project": "kartaca-416714",
            "self_link": "https://www.googleapis.com/compute/v1/projects/kartaca-416714/zones/europe-west1-d/autoscalers/my-autoscaler",
            "target": "https://www.googleapis.com/compute/v1/projects/kartaca-416714/zones/europe-west1-d/instanceGroupManagers/my-instance-group",
            "timeouts": null,
            "zone": "europe-west1-d"
          },
          "sensitive_attributes": [],
          "private": "eyJlMmJmYjczMC1lY2FhLTExZTYtOGY4OC0zNDM2M2JjN2M0YzAiOnsiY3JlYXRlIjoxMjAwMDAwMDAwMDAwLCJkZWxldGUiOjEyMDAwMDAwMDAwMDAsInVwZGF0ZSI6MTIwMDAwMDAwMDAwMH19",
          "dependencies": [
            "google_compute_instance_group_manager.my_instance_group",
            "google_compute_instance_template.instance_template",
            "google_compute_network.vpc_network",
            "google_compute_subnetwork.subnet"
          ]
        }
      ]
    },
    {
      "mode": "managed",
      "type": "google_compute_backend_service",
      "name": "default",
      "provider": "provider[\"registry.terraform.io/hashicorp/google\"]",
      "instances": [
        {
          "schema_version": 1,
          "attributes": {
            "affinity_cookie_ttl_sec": 0,
            "backend": [
              {
                "balancing_mode": "UTILIZATION",
                "capacity_scaler": 1,
                "description": "",
                "group": "https://www.googleapis.com/compute/v1/projects/kartaca-416714/zones/europe-west1-d/instanceGroups/my-instance-group",
                "max_connections": 0,
                "max_connections_per_endpoint": 0,
                "max_connections_per_instance": 0,
                "max_rate": 0,
                "max_rate_per_endpoint": 0,
                "max_rate_per_instance": 0,
                "max_utilization": 0
              }
            ],
            "cdn_policy": [],
            "circuit_breakers": [],
            "compression_mode": "",
            "connection_draining_timeout_sec": 0,
            "consistent_hash": [],
            "creation_timestamp": "2024-03-10T06:40:29.830-07:00",
            "custom_request_headers": [],
            "custom_response_headers": [],
            "description": "",
            "edge_security_policy": "",
            "enable_cdn": false,
            "fingerprint": "Q5PK2tMQ1Ac=",
            "generated_id": 3732525388811732642,
            "health_checks": [
              "https://www.googleapis.com/compute/v1/projects/kartaca-416714/global/healthChecks/http-basic-check"
            ],
            "iap": [],
            "id": "projects/kartaca-416714/global/backendServices/web-backend-service",
            "load_balancing_scheme": "EXTERNAL_MANAGED",
            "locality_lb_policies": [],
            "locality_lb_policy": "",
            "log_config": [],
            "name": "web-backend-service",
            "outlier_detection": [],
            "port_name": "http",
            "project": "kartaca-416714",
            "protocol": "HTTP",
            "security_policy": "",
            "security_settings": [],
            "self_link": "https://www.googleapis.com/compute/v1/projects/kartaca-416714/global/backendServices/web-backend-service",
            "session_affinity": "NONE",
            "timeout_sec": 30,
            "timeouts": null
          },
          "sensitive_attributes": [],
          "private": "eyJlMmJmYjczMC1lY2FhLTExZTYtOGY4OC0zNDM2M2JjN2M0YzAiOnsiY3JlYXRlIjoxMjAwMDAwMDAwMDAwLCJkZWxldGUiOjEyMDAwMDAwMDAwMDAsInVwZGF0ZSI6MTIwMDAwMDAwMDAwMH0sInNjaGVtYV92ZXJzaW9uIjoiMSJ9",
          "dependencies": [
            "google_compute_health_check.default",
            "google_compute_instance_group_manager.my_instance_group",
            "google_compute_instance_template.instance_template",
            "google_compute_network.vpc_network",
            "google_compute_subnetwork.subnet"
          ]
        }
      ]
    },
    {
      "mode": "managed",
      "type": "google_compute_firewall",
      "name": "allow_ssh",
      "provider": "provider[\"registry.terraform.io/hashicorp/google\"]",
      "instances": [
        {
          "schema_version": 1,
          "attributes": {
            "allow": [
              {
                "ports": [
                  "22",
                  "80"
                ],
                "protocol": "tcp"
              }
            ],
            "creation_timestamp": "2024-03-10T05:49:02.133-07:00",
            "deny": [],
            "description": "",
            "destination_ranges": [],
            "direction": "INGRESS",
            "disabled": false,
            "enable_logging": null,
            "id": "projects/kartaca-416714/global/firewalls/allow-ssh",
            "log_config": [],
            "name": "allow-ssh",
            "network": "https://www.googleapis.com/compute/v1/projects/kartaca-416714/global/networks/my-vpc-network",
            "priority": 1000,
            "project": "kartaca-416714",
            "self_link": "https://www.googleapis.com/compute/v1/projects/kartaca-416714/global/firewalls/allow-ssh",
            "source_ranges": [
              "0.0.0.0/0"
            ],
            "source_service_accounts": [],
            "source_tags": [],
            "target_service_accounts": [],
            "target_tags": [],
            "timeouts": null
          },
          "sensitive_attributes": [],
          "private": "eyJlMmJmYjczMC1lY2FhLTExZTYtOGY4OC0zNDM2M2JjN2M0YzAiOnsiY3JlYXRlIjoxMjAwMDAwMDAwMDAwLCJkZWxldGUiOjEyMDAwMDAwMDAwMDAsInVwZGF0ZSI6MTIwMDAwMDAwMDAwMH0sInNjaGVtYV92ZXJzaW9uIjoiMSJ9",
          "dependencies": [
            "google_compute_network.vpc_network"
          ]
        }
      ]
    },
    {
      "mode": "managed",
      "type": "google_compute_global_address",
      "name": "default",
      "provider": "provider[\"registry.terraform.io/hashicorp/google\"]",
      "instances": [
        {
          "schema_version": 0,
          "attributes": {
            "address": "34.110.217.137",
            "address_type": "EXTERNAL",
            "creation_timestamp": "2024-03-10T06:39:52.213-07:00",
            "description": "",
            "id": "projects/kartaca-416714/global/addresses/lb-ipv4-1",
            "ip_version": "",
            "name": "lb-ipv4-1",
            "network": "",
            "prefix_length": 0,
            "project": "kartaca-416714",
            "purpose": "",
            "self_link": "https://www.googleapis.com/compute/v1/projects/kartaca-416714/global/addresses/lb-ipv4-1",
            "timeouts": null
          },
          "sensitive_attributes": [],
          "private": "eyJlMmJmYjczMC1lY2FhLTExZTYtOGY4OC0zNDM2M2JjN2M0YzAiOnsiY3JlYXRlIjoxMjAwMDAwMDAwMDAwLCJkZWxldGUiOjEyMDAwMDAwMDAwMDB9fQ=="
        }
      ]
    },
    {
      "mode": "managed",
      "type": "google_compute_global_address",
      "name": "private_ip_address",
      "provider": "provider[\"registry.terraform.io/hashicorp/google\"]",
      "instances": [
        {
          "schema_version": 0,
          "attributes": {
            "address": "10.120.0.0",
            "address_type": "INTERNAL",
            "creation_timestamp": "2024-03-10T04:48:27.328-07:00",
            "description": "",
            "id": "projects/kartaca-416714/global/addresses/private-ip-address",
            "ip_version": "",
            "name": "private-ip-address",
            "network": "https://www.googleapis.com/compute/v1/projects/kartaca-416714/global/networks/my-vpc-network",
            "prefix_length": 16,
            "project": "kartaca-416714",
            "purpose": "VPC_PEERING",
            "self_link": "https://www.googleapis.com/compute/v1/projects/kartaca-416714/global/addresses/private-ip-address",
            "timeouts": null
          },
          "sensitive_attributes": [],
          "private": "eyJlMmJmYjczMC1lY2FhLTExZTYtOGY4OC0zNDM2M2JjN2M0YzAiOnsiY3JlYXRlIjoxMjAwMDAwMDAwMDAwLCJkZWxldGUiOjEyMDAwMDAwMDAwMDB9fQ=="
        }
      ]
    },
    {
      "mode": "managed",
      "type": "google_compute_global_forwarding_rule",
      "name": "default",
      "provider": "provider[\"registry.terraform.io/hashicorp/google\"]",
      "instances": [
        {
          "schema_version": 0,
          "attributes": {
            "base_forwarding_rule": "",
            "description": "",
            "effective_labels": {},
            "id": "projects/kartaca-416714/global/forwardingRules/http-content-rule",
            "ip_address": "34.110.217.137",
            "ip_protocol": "TCP",
            "ip_version": "",
            "label_fingerprint": "42WmSpB8rSM=",
            "labels": {},
            "load_balancing_scheme": "EXTERNAL_MANAGED",
            "metadata_filters": [],
            "name": "http-content-rule",
            "network": "",
            "no_automate_dns_zone": null,
            "port_range": "80-80",
            "project": "kartaca-416714",
            "psc_connection_id": "",
            "psc_connection_status": "",
            "self_link": "https://www.googleapis.com/compute/v1/projects/kartaca-416714/global/forwardingRules/http-content-rule",
            "service_directory_registrations": [],
            "source_ip_ranges": [],
            "subnetwork": "",
            "target": "https://www.googleapis.com/compute/v1/projects/kartaca-416714/global/targetHttpProxies/http-lb-proxy",
            "terraform_labels": {},
            "timeouts": null
          },
          "sensitive_attributes": [],
          "private": "eyJlMmJmYjczMC1lY2FhLTExZTYtOGY4OC0zNDM2M2JjN2M0YzAiOnsiY3JlYXRlIjoxMjAwMDAwMDAwMDAwLCJkZWxldGUiOjEyMDAwMDAwMDAwMDAsInVwZGF0ZSI6MTIwMDAwMDAwMDAwMH19",
          "dependencies": [
            "google_compute_backend_service.default",
            "google_compute_global_address.default",
            "google_compute_health_check.default",
            "google_compute_instance_group_manager.my_instance_group",
            "google_compute_instance_template.instance_template",
            "google_compute_network.vpc_network",
            "google_compute_subnetwork.subnet",
            "google_compute_target_http_proxy.default",
            "google_compute_url_map.default"
          ]
        }
      ]
    },
    {
      "mode": "managed",
      "type": "google_compute_health_check",
      "name": "default",
      "provider": "provider[\"registry.terraform.io/hashicorp/google\"]",
      "instances": [
        {
          "schema_version": 0,
          "attributes": {
            "check_interval_sec": 5,
            "creation_timestamp": "2024-03-10T06:39:52.117-07:00",
            "description": "",
            "grpc_health_check": [],
            "healthy_threshold": 2,
            "http2_health_check": [],
            "http_health_check": [
              {
                "host": "",
                "port": 80,
                "port_name": "",
                "port_specification": "USE_FIXED_PORT",
                "proxy_header": "NONE",
                "request_path": "/",
                "response": ""
              }
            ],
            "https_health_check": [],
            "id": "projects/kartaca-416714/global/healthChecks/http-basic-check",
            "log_config": [
              {
                "enable": false
              }
            ],
            "name": "http-basic-check",
            "project": "kartaca-416714",
            "self_link": "https://www.googleapis.com/compute/v1/projects/kartaca-416714/global/healthChecks/http-basic-check",
            "ssl_health_check": [],
            "tcp_health_check": [],
            "timeout_sec": 5,
            "timeouts": null,
            "type": "HTTP",
            "unhealthy_threshold": 2
          },
          "sensitive_attributes": [],
          "private": "eyJlMmJmYjczMC1lY2FhLTExZTYtOGY4OC0zNDM2M2JjN2M0YzAiOnsiY3JlYXRlIjoxMjAwMDAwMDAwMDAwLCJkZWxldGUiOjEyMDAwMDAwMDAwMDAsInVwZGF0ZSI6MTIwMDAwMDAwMDAwMH19"
        }
      ]
    },
    {
      "mode": "managed",
      "type": "google_compute_instance_group_manager",
      "name": "my_instance_group",
      "provider": "provider[\"registry.terraform.io/hashicorp/google\"]",
      "instances": [
        {
          "schema_version": 0,
          "attributes": {
            "all_instances_config": [],
            "auto_healing_policies": [],
            "base_instance_name": "my-instance",
            "creation_timestamp": "2024-03-10T06:40:07.307-07:00",
            "description": "",
            "fingerprint": "c76vh_QVdNM=",
            "id": "projects/kartaca-416714/zones/europe-west1-d/instanceGroupManagers/my-instance-group",
            "instance_group": "https://www.googleapis.com/compute/v1/projects/kartaca-416714/zones/europe-west1-d/instanceGroups/my-instance-group",
            "instance_lifecycle_policy": [
              {
                "force_update_on_repair": "NO"
              }
            ],
            "list_managed_instances_results": "PAGELESS",
            "name": "my-instance-group",
            "named_port": [
              {
                "name": "http",
                "port": 80
              },
              {
                "name": "https",
                "port": 443
              }
            ],
            "operation": null,
            "project": "kartaca-416714",
            "self_link": "https://www.googleapis.com/compute/v1/projects/kartaca-416714/zones/europe-west1-d/instanceGroupManagers/my-instance-group",
            "stateful_disk": [],
            "stateful_external_ip": [],
            "stateful_internal_ip": [],
            "status": [
              {
                "all_instances_config": [
                  {
                    "effective": true
                  }
                ],
                "is_stable": false,
                "stateful": [
                  {
                    "has_stateful_config": false,
                    "per_instance_configs": [
                      {
                        "all_effective": true
                      }
                    ]
                  }
                ],
                "version_target": [
                  {
                    "is_reached": true
                  }
                ]
              }
            ],
            "target_pools": [],
            "target_size": 3,
            "timeouts": null,
            "update_policy": [
              {
                "max_surge_fixed": 1,
                "max_surge_percent": 0,
                "max_unavailable_fixed": 1,
                "max_unavailable_percent": 0,
                "minimal_action": "REPLACE",
                "most_disruptive_allowed_action": "",
                "replacement_method": "SUBSTITUTE",
                "type": "OPPORTUNISTIC"
              }
            ],
            "version": [
              {
                "instance_template": "https://www.googleapis.com/compute/v1/projects/kartaca-416714/global/instanceTemplates/my-instance-template",
                "name": "",
                "target_size": []
              }
            ],
            "wait_for_instances": false,
            "wait_for_instances_status": "STABLE",
            "zone": "europe-west1-d"
          },
          "sensitive_attributes": [],
          "private": "eyJlMmJmYjczMC1lY2FhLTExZTYtOGY4OC0zNDM2M2JjN2M0YzAiOnsiY3JlYXRlIjo5MDAwMDAwMDAwMDAsImRlbGV0ZSI6OTAwMDAwMDAwMDAwLCJ1cGRhdGUiOjkwMDAwMDAwMDAwMH19",
          "dependencies": [
            "google_compute_instance_template.instance_template",
            "google_compute_network.vpc_network",
            "google_compute_subnetwork.subnet"
          ]
        }
      ]
    },
    {
      "mode": "managed",
      "type": "google_compute_instance_template",
      "name": "instance_template",
      "provider": "provider[\"registry.terraform.io/hashicorp/google\"]",
      "instances": [
        {
          "schema_version": 1,
          "attributes": {
            "advanced_machine_features": [],
            "can_ip_forward": false,
            "confidential_instance_config": [],
            "description": "",
            "disk": [
              {
                "auto_delete": true,
                "boot": true,
                "device_name": "persistent-disk-0",
                "disk_encryption_key": [],
                "disk_name": "",
                "disk_size_gb": 0,
                "disk_type": "pd-standard",
                "interface": "SCSI",
                "labels": {},
                "mode": "READ_WRITE",
                "provisioned_iops": 0,
                "resource_manager_tags": {},
                "resource_policies": [],
                "source": "",
                "source_image": "projects/debian-cloud/global/images/family/debian-11",
                "source_image_encryption_key": [],
                "source_snapshot": "",
                "source_snapshot_encryption_key": [],
                "type": "PERSISTENT"
              }
            ],
            "effective_labels": {},
            "guest_accelerator": [],
            "id": "projects/kartaca-416714/global/instanceTemplates/my-instance-template",
            "instance_description": "",
            "labels": null,
            "machine_type": "e2-micro",
            "metadata": {},
            "metadata_fingerprint": "ym3Tn-lZk_o=",
            "metadata_startup_script": "#!/bin/bash\napt-get update\napt-get install -y apache2\ncat \u003c\u003cEOF \u003e /var/www/html/index.html\n\u003chtml\u003e\n  \u003cbody\u003e\n    \u003ch1\u003eKartaca Projesi Websitesine Hoşgeldiniz!\u003c/h1\u003e\n  \u003c/body\u003e\n\u003c/html\u003e\n",
            "min_cpu_platform": "",
            "name": "my-instance-template",
            "name_prefix": null,
            "network_interface": [
              {
                "access_config": [
                  {
                    "nat_ip": "",
                    "network_tier": "PREMIUM",
                    "public_ptr_domain_name": ""
                  }
                ],
                "alias_ip_range": [],
                "internal_ipv6_prefix_length": 0,
                "ipv6_access_config": [],
                "ipv6_access_type": "",
                "ipv6_address": "",
                "name": "nic0",
                "network": "https://www.googleapis.com/compute/v1/projects/kartaca-416714/global/networks/my-vpc-network",
                "network_ip": "",
                "nic_type": "",
                "queue_count": 0,
                "stack_type": "",
                "subnetwork": "https://www.googleapis.com/compute/v1/projects/kartaca-416714/regions/europe-west1/subnetworks/my-subnet",
                "subnetwork_project": "kartaca-416714"
              }
            ],
            "network_performance_config": [],
            "project": "kartaca-416714",
            "region": "europe-west1",
            "reservation_affinity": [],
            "resource_manager_tags": null,
            "resource_policies": null,
            "scheduling": [
              {
                "automatic_restart": true,
                "instance_termination_action": "",
                "local_ssd_recovery_timeout": [],
                "min_node_cpus": 0,
                "node_affinities": [],
                "on_host_maintenance": "MIGRATE",
                "preemptible": false,
                "provisioning_model": "STANDARD"
              }
            ],
            "self_link": "https://www.googleapis.com/compute/v1/projects/kartaca-416714/global/instanceTemplates/my-instance-template",
            "self_link_unique": "https://www.googleapis.com/compute/v1/projects/kartaca-416714/global/instanceTemplates/my-instance-template?uniqueId=5896993695437162183",
            "service_account": [
              {
                "email": "kartaca-project@kartaca-416714.iam.gserviceaccount.com",
                "scopes": [
                  "https://www.googleapis.com/auth/cloud-platform"
                ]
              }
            ],
            "shielded_instance_config": [],
            "tags": [],
            "tags_fingerprint": "",
            "terraform_labels": {},
            "timeouts": null
          },
          "sensitive_attributes": [],
          "private": "eyJlMmJmYjczMC1lY2FhLTExZTYtOGY4OC0zNDM2M2JjN2M0YzAiOnsiY3JlYXRlIjoyNDAwMDAwMDAwMDAsImRlbGV0ZSI6MjQwMDAwMDAwMDAwfSwic2NoZW1hX3ZlcnNpb24iOiIxIn0=",
          "dependencies": [
            "google_compute_network.vpc_network",
            "google_compute_subnetwork.subnet"
          ]
        }
      ]
    },
    {
      "mode": "managed",
      "type": "google_compute_network",
      "name": "peering_network",
      "provider": "provider[\"registry.terraform.io/hashicorp/google\"]",
      "instances": [
        {
          "schema_version": 0,
          "attributes": {
            "auto_create_subnetworks": false,
            "delete_default_routes_on_create": false,
            "description": "",
            "enable_ula_internal_ipv6": false,
            "gateway_ipv4": "",
            "id": "projects/kartaca-416714/global/networks/private-network",
            "internal_ipv6_range": "",
            "mtu": 0,
            "name": "private-network",
            "network_firewall_policy_enforcement_order": "AFTER_CLASSIC_FIREWALL",
            "numeric_id": "8671874389236516551",
            "project": "kartaca-416714",
            "routing_mode": "REGIONAL",
            "self_link": "https://www.googleapis.com/compute/v1/projects/kartaca-416714/global/networks/private-network",
            "timeouts": null
          },
          "sensitive_attributes": [],
          "private": "eyJlMmJmYjczMC1lY2FhLTExZTYtOGY4OC0zNDM2M2JjN2M0YzAiOnsiY3JlYXRlIjoxMjAwMDAwMDAwMDAwLCJkZWxldGUiOjEyMDAwMDAwMDAwMDAsInVwZGF0ZSI6MTIwMDAwMDAwMDAwMH19"
        }
      ]
    },
    {
      "mode": "managed",
      "type": "google_compute_network",
      "name": "vpc_network",
      "provider": "provider[\"registry.terraform.io/hashicorp/google\"]",
      "instances": [
        {
          "schema_version": 0,
          "attributes": {
            "auto_create_subnetworks": false,
            "delete_default_routes_on_create": false,
            "description": "",
            "enable_ula_internal_ipv6": false,
            "gateway_ipv4": "",
            "id": "projects/kartaca-416714/global/networks/my-vpc-network",
            "internal_ipv6_range": "",
            "mtu": 0,
            "name": "my-vpc-network",
            "network_firewall_policy_enforcement_order": "AFTER_CLASSIC_FIREWALL",
            "numeric_id": "396283329734886730",
            "project": "kartaca-416714",
            "routing_mode": "REGIONAL",
            "self_link": "https://www.googleapis.com/compute/v1/projects/kartaca-416714/global/networks/my-vpc-network",
            "timeouts": null
          },
          "sensitive_attributes": [],
          "private": "eyJlMmJmYjczMC1lY2FhLTExZTYtOGY4OC0zNDM2M2JjN2M0YzAiOnsiY3JlYXRlIjoxMjAwMDAwMDAwMDAwLCJkZWxldGUiOjEyMDAwMDAwMDAwMDAsInVwZGF0ZSI6MTIwMDAwMDAwMDAwMH19"
        }
      ]
    },
    {
      "mode": "managed",
      "type": "google_compute_router",
      "name": "router",
      "provider": "provider[\"registry.terraform.io/hashicorp/google\"]",
      "instances": [
        {
          "schema_version": 0,
          "attributes": {
            "bgp": [],
            "creation_timestamp": "2024-03-09T07:09:39.788-08:00",
            "description": "",
            "encrypted_interconnect_router": false,
            "id": "projects/kartaca-416714/regions/europe-west1/routers/my-router",
            "name": "my-router",
            "network": "https://www.googleapis.com/compute/v1/projects/kartaca-416714/global/networks/my-vpc-network",
            "project": "kartaca-416714",
            "region": "europe-west1",
            "self_link": "https://www.googleapis.com/compute/v1/projects/kartaca-416714/regions/europe-west1/routers/my-router",
            "timeouts": null
          },
          "sensitive_attributes": [],
          "private": "eyJlMmJmYjczMC1lY2FhLTExZTYtOGY4OC0zNDM2M2JjN2M0YzAiOnsiY3JlYXRlIjoxMjAwMDAwMDAwMDAwLCJkZWxldGUiOjEyMDAwMDAwMDAwMDAsInVwZGF0ZSI6MTIwMDAwMDAwMDAwMH19",
          "dependencies": [
            "google_compute_network.vpc_network"
          ]
        }
      ]
    },
    {
      "mode": "managed",
      "type": "google_compute_router_nat",
      "name": "nat",
      "provider": "provider[\"registry.terraform.io/hashicorp/google\"]",
      "instances": [
        {
          "schema_version": 0,
          "attributes": {
            "drain_nat_ips": [],
            "enable_dynamic_port_allocation": false,
            "enable_endpoint_independent_mapping": false,
            "icmp_idle_timeout_sec": 30,
            "id": "kartaca-416714/europe-west1/my-router/my-nat-gateway",
            "log_config": [],
            "max_ports_per_vm": 0,
            "min_ports_per_vm": 0,
            "name": "my-nat-gateway",
            "nat_ip_allocate_option": "AUTO_ONLY",
            "nat_ips": [],
            "project": "kartaca-416714",
            "region": null,
            "router": "my-router",
            "rules": [],
            "source_subnetwork_ip_ranges_to_nat": "ALL_SUBNETWORKS_ALL_IP_RANGES",
            "subnetwork": [],
            "tcp_established_idle_timeout_sec": 1200,
            "tcp_time_wait_timeout_sec": 120,
            "tcp_transitory_idle_timeout_sec": 30,
            "timeouts": null,
            "udp_idle_timeout_sec": 30
          },
          "sensitive_attributes": [],
          "private": "eyJlMmJmYjczMC1lY2FhLTExZTYtOGY4OC0zNDM2M2JjN2M0YzAiOnsiY3JlYXRlIjoxMjAwMDAwMDAwMDAwLCJkZWxldGUiOjEyMDAwMDAwMDAwMDAsInVwZGF0ZSI6MTIwMDAwMDAwMDAwMH19",
          "dependencies": [
            "google_compute_network.vpc_network",
            "google_compute_router.router"
          ]
        }
      ]
    },
    {
      "mode": "managed",
      "type": "google_compute_subnetwork",
      "name": "subnet",
      "provider": "provider[\"registry.terraform.io/hashicorp/google\"]",
      "instances": [
        {
          "schema_version": 0,
          "attributes": {
            "creation_timestamp": "2024-03-09T07:09:40.002-08:00",
            "description": "",
            "external_ipv6_prefix": "",
            "fingerprint": null,
            "gateway_address": "10.0.1.1",
            "id": "projects/kartaca-416714/regions/europe-west1/subnetworks/my-subnet",
            "internal_ipv6_prefix": "",
            "ip_cidr_range": "10.0.1.0/24",
            "ipv6_access_type": "",
            "ipv6_cidr_range": "",
            "log_config": [],
            "name": "my-subnet",
            "network": "https://www.googleapis.com/compute/v1/projects/kartaca-416714/global/networks/my-vpc-network",
            "private_ip_google_access": false,
            "private_ipv6_google_access": "DISABLE_GOOGLE_ACCESS",
            "project": "kartaca-416714",
            "purpose": "PRIVATE",
            "region": "europe-west1",
            "role": "",
            "secondary_ip_range": [],
            "self_link": "https://www.googleapis.com/compute/v1/projects/kartaca-416714/regions/europe-west1/subnetworks/my-subnet",
            "stack_type": "IPV4_ONLY",
            "timeouts": null
          },
          "sensitive_attributes": [],
          "private": "eyJlMmJmYjczMC1lY2FhLTExZTYtOGY4OC0zNDM2M2JjN2M0YzAiOnsiY3JlYXRlIjoxMjAwMDAwMDAwMDAwLCJkZWxldGUiOjEyMDAwMDAwMDAwMDAsInVwZGF0ZSI6MTIwMDAwMDAwMDAwMH19",
          "dependencies": [
            "google_compute_network.vpc_network"
          ]
        }
      ]
    },
    {
      "mode": "managed",
      "type": "google_compute_target_http_proxy",
      "name": "default",
      "provider": "provider[\"registry.terraform.io/hashicorp/google\"]",
      "instances": [
        {
          "schema_version": 0,
          "attributes": {
            "creation_timestamp": "2024-03-10T06:41:25.530-07:00",
            "description": "",
            "http_keep_alive_timeout_sec": 0,
            "id": "projects/kartaca-416714/global/targetHttpProxies/http-lb-proxy",
            "name": "http-lb-proxy",
            "project": "kartaca-416714",
            "proxy_bind": false,
            "proxy_id": 5138845402627311210,
            "self_link": "https://www.googleapis.com/compute/v1/projects/kartaca-416714/global/targetHttpProxies/http-lb-proxy",
            "timeouts": null,
            "url_map": "https://www.googleapis.com/compute/v1/projects/kartaca-416714/global/urlMaps/web-map-http"
          },
          "sensitive_attributes": [],
          "private": "eyJlMmJmYjczMC1lY2FhLTExZTYtOGY4OC0zNDM2M2JjN2M0YzAiOnsiY3JlYXRlIjoxMjAwMDAwMDAwMDAwLCJkZWxldGUiOjEyMDAwMDAwMDAwMDAsInVwZGF0ZSI6MTIwMDAwMDAwMDAwMH19",
          "dependencies": [
            "google_compute_backend_service.default",
            "google_compute_health_check.default",
            "google_compute_instance_group_manager.my_instance_group",
            "google_compute_instance_template.instance_template",
            "google_compute_network.vpc_network",
            "google_compute_subnetwork.subnet",
            "google_compute_url_map.default"
          ]
        }
      ]
    },
    {
      "mode": "managed",
      "type": "google_compute_url_map",
      "name": "default",
      "provider": "provider[\"registry.terraform.io/hashicorp/google\"]",
      "instances": [
        {
          "schema_version": 0,
          "attributes": {
            "creation_timestamp": "2024-03-10T06:41:13.640-07:00",
            "default_route_action": [],
            "default_service": "https://www.googleapis.com/compute/v1/projects/kartaca-416714/global/backendServices/web-backend-service",
            "default_url_redirect": [],
            "description": "",
            "fingerprint": "S-qOjcGFGn4=",
            "header_action": [],
            "host_rule": [],
            "id": "projects/kartaca-416714/global/urlMaps/web-map-http",
            "map_id": 3994233538751760022,
            "name": "web-map-http",
            "path_matcher": [],
            "project": "kartaca-416714",
            "self_link": "https://www.googleapis.com/compute/v1/projects/kartaca-416714/global/urlMaps/web-map-http",
            "test": [],
            "timeouts": null
          },
          "sensitive_attributes": [],
          "private": "eyJlMmJmYjczMC1lY2FhLTExZTYtOGY4OC0zNDM2M2JjN2M0YzAiOnsiY3JlYXRlIjoxMjAwMDAwMDAwMDAwLCJkZWxldGUiOjEyMDAwMDAwMDAwMDAsInVwZGF0ZSI6MTIwMDAwMDAwMDAwMH19",
          "dependencies": [
            "google_compute_backend_service.default",
            "google_compute_health_check.default",
            "google_compute_instance_group_manager.my_instance_group",
            "google_compute_instance_template.instance_template",
            "google_compute_network.vpc_network",
            "google_compute_subnetwork.subnet"
          ]
        }
      ]
    },
    {
      "mode": "managed",
      "type": "google_project_service",
      "name": "servicenetworking",
      "provider": "provider[\"registry.terraform.io/hashicorp/google\"]",
      "instances": [
        {
          "schema_version": 0,
          "attributes": {
            "disable_dependent_services": null,
            "disable_on_destroy": true,
            "id": "kartaca-416714/servicenetworking.googleapis.com",
            "project": "kartaca-416714",
            "service": "servicenetworking.googleapis.com",
            "timeouts": null
          },
          "sensitive_attributes": [],
          "private": "eyJlMmJmYjczMC1lY2FhLTExZTYtOGY4OC0zNDM2M2JjN2M0YzAiOnsiY3JlYXRlIjoxMjAwMDAwMDAwMDAwLCJkZWxldGUiOjEyMDAwMDAwMDAwMDAsInJlYWQiOjYwMDAwMDAwMDAwMCwidXBkYXRlIjoxMjAwMDAwMDAwMDAwfX0="
        }
      ]
    },
    {
      "mode": "managed",
      "type": "google_service_networking_connection",
      "name": "default",
      "provider": "provider[\"registry.terraform.io/hashicorp/google\"]",
      "instances": [
        {
          "schema_version": 0,
          "attributes": {
            "deletion_policy": null,
            "id": "my-vpc-network:servicenetworking.googleapis.com",
            "network": "my-vpc-network",
            "peering": "servicenetworking-googleapis-com",
            "reserved_peering_ranges": [
              "private-ip-address"
            ],
            "service": "servicenetworking.googleapis.com",
            "timeouts": null
          },
          "sensitive_attributes": [],
          "private": "eyJlMmJmYjczMC1lY2FhLTExZTYtOGY4OC0zNDM2M2JjN2M0YzAiOnsiY3JlYXRlIjo2MDAwMDAwMDAwMDAsImRlbGV0ZSI6NjAwMDAwMDAwMDAwLCJ1cGRhdGUiOjYwMDAwMDAwMDAwMH19",
          "dependencies": [
            "google_compute_global_address.private_ip_address"
          ]
        }
      ]
    },
    {
      "mode": "managed",
      "type": "google_sql_database_instance",
      "name": "my_postgres_instance",
      "provider": "provider[\"registry.terraform.io/hashicorp/google\"]",
      "instances": [
        {
          "schema_version": 0,
          "attributes": {
            "available_maintenance_versions": [],
            "clone": [],
            "connection_name": "kartaca-416714:europe-west1:my-postgres-instance",
            "database_version": "POSTGRES_13",
            "deletion_protection": true,
            "dns_name": "",
            "encryption_key_name": null,
            "first_ip_address": "10.120.0.3",
            "id": "my-postgres-instance",
            "instance_type": "CLOUD_SQL_INSTANCE",
            "ip_address": [
              {
                "ip_address": "10.120.0.3",
                "time_to_retire": "",
                "type": "PRIVATE"
              }
            ],
            "maintenance_version": "POSTGRES_13_13.R20240130.00_05",
            "master_instance_name": "",
            "name": "my-postgres-instance",
            "private_ip_address": "10.120.0.3",
            "project": "kartaca-416714",
            "psc_service_attachment_link": "",
            "public_ip_address": "",
            "region": "europe-west1",
            "replica_configuration": [],
            "restore_backup_context": [],
            "root_password": null,
            "self_link": "https://sqladmin.googleapis.com/sql/v1beta4/projects/kartaca-416714/instances/my-postgres-instance",
            "server_ca_cert": [
              {
                "cert": "-----BEGIN CERTIFICATE-----\nMIIDfzCCAmegAwIBAgIBADANBgkqhkiG9w0BAQsFADB3MS0wKwYDVQQuEyQ5ZGVi\nNzc3Yi1jMzI3LTQ0OTAtYTFlYy1kNWUzMzE1ODRlMWIxIzAhBgNVBAMTGkdvb2ds\nZSBDbG91ZCBTUUwgU2VydmVyIENBMRQwEgYDVQQKEwtHb29nbGUsIEluYzELMAkG\nA1UEBhMCVVMwHhcNMjQwMzEwMTE1NjU1WhcNMzQwMzA4MTE1NzU1WjB3MS0wKwYD\nVQQuEyQ5ZGViNzc3Yi1jMzI3LTQ0OTAtYTFlYy1kNWUzMzE1ODRlMWIxIzAhBgNV\nBAMTGkdvb2dsZSBDbG91ZCBTUUwgU2VydmVyIENBMRQwEgYDVQQKEwtHb29nbGUs\nIEluYzELMAkGA1UEBhMCVVMwggEiMA0GCSqGSIb3DQEBAQUAA4IBDwAwggEKAoIB\nAQDMMPRarpXKza4/0z1XlDQOkudUeOyVgAcqW5GfrZw3j5FnsOFNLUB1zKGlvL2f\nu0H95i1Oa5NOt78uySJAdufXxZFv1cJradW36yasRUFb9xgwjKHuHJUcp1lDJhze\n+fVcX4rAP8DowV8SsjtK5t5fUSBsnCjt8cFoTeUY2PuMj+umAxQtpdn59twWL2tA\ne7JU02Oiwj/aa/uMpyULgLvMIUcv07wqFeaYJAqwSHNgIkrjLdz5tKluzw6HZIMB\nHLsWSznn3anPXQ4bjJS50vtByDQAID7HvYEXSuF2SpHM5Ka4n6m50Jd3pv36r679\nRTlC7RteqE1bfmjDgt3fqAoBAgMBAAGjFjAUMBIGA1UdEwEB/wQIMAYBAf8CAQAw\nDQYJKoZIhvcNAQELBQADggEBAMhQkO3VIP1INrwZS1+TM4Y9BRumZdlpUQQWMW4k\nLmRIjuToUNKwfCZXFw7EtRz63MdEMRE/FWvaTvOz/630UG2ywz6AAjR0lMzEvHpB\nCDda2C5A/4Gs5RwACmJAJhstSoNz9P2KCqxQz5DnxGaXO1/0kHyv5JdLBnzXT/gH\nKkW5yAEY/aQpYDYU3B5ctHlD8vVrO9eRLxtGA6kT8cRRwDYTVJx8lKaM95hu+8Rq\nlXxovCqsiytY/pUBAt6ecXJp1b8fNCtxf/lXIze4IblArOmC9mqZCvmFTKot/TfF\nkg8fd1m7lZYVK2DXiR5g2MTMUVu3FTRwJZ4RN8WPt0TEeq0=\n-----END CERTIFICATE-----",
                "common_name": "C=US,O=Google\\, Inc,CN=Google Cloud SQL Server CA,dnQualifier=9deb777b-c327-4490-a1ec-d5e331584e1b",
                "create_time": "2024-03-10T11:56:55.516Z",
                "expiration_time": "2034-03-08T11:57:55.516Z",
                "sha1_fingerprint": "c93270ac7362c218e7891750ade5207f558b1b18"
              }
            ],
            "service_account_email_address": "p1071818891509-48bcut@gcp-sa-cloud-sql.iam.gserviceaccount.com",
            "settings": [
              {
                "activation_policy": "ALWAYS",
                "active_directory_config": [],
                "advanced_machine_features": [],
                "availability_type": "ZONAL",
                "backup_configuration": [
                  {
                    "backup_retention_settings": [
                      {
                        "retained_backups": 7,
                        "retention_unit": "COUNT"
                      }
                    ],
                    "binary_log_enabled": false,
                    "enabled": false,
                    "location": "",
                    "point_in_time_recovery_enabled": false,
                    "start_time": "19:00",
                    "transaction_log_retention_days": 7
                  }
                ],
                "collation": "",
                "connector_enforcement": "NOT_REQUIRED",
                "data_cache_config": [],
                "database_flags": [],
                "deletion_protection_enabled": false,
                "deny_maintenance_period": [],
                "disk_autoresize": true,
                "disk_autoresize_limit": 0,
                "disk_size": 10,
                "disk_type": "PD_SSD",
                "edition": "ENTERPRISE",
                "insights_config": [],
                "ip_configuration": [
                  {
                    "allocated_ip_range": "",
                    "authorized_networks": [],
                    "enable_private_path_for_google_cloud_services": true,
                    "ipv4_enabled": false,
                    "private_network": "projects/kartaca-416714/global/networks/my-vpc-network",
                    "psc_config": [],
                    "require_ssl": false,
                    "ssl_mode": ""
                  }
                ],
                "location_preference": [
                  {
                    "follow_gae_application": "",
                    "secondary_zone": "",
                    "zone": "europe-west1-b"
                  }
                ],
                "maintenance_window": [],
                "password_validation_policy": [],
                "pricing_plan": "PER_USE",
                "sql_server_audit_config": [],
                "tier": "db-f1-micro",
                "time_zone": "",
                "user_labels": {},
                "version": 2
              }
            ],
            "timeouts": null
          },
          "sensitive_attributes": [],
          "private": "eyJlMmJmYjczMC1lY2FhLTExZTYtOGY4OC0zNDM2M2JjN2M0YzAiOnsiY3JlYXRlIjoyNDAwMDAwMDAwMDAwLCJkZWxldGUiOjE4MDAwMDAwMDAwMDAsInVwZGF0ZSI6MTgwMDAwMDAwMDAwMH19",
          "dependencies": [
            "google_compute_network.vpc_network"
          ]
        }
      ]
    },
    {
      "mode": "managed",
      "type": "google_storage_bucket",
      "name": "terraform_state_bucket",
      "provider": "provider[\"registry.terraform.io/hashicorp/google\"]",
      "instances": [
        {
          "schema_version": 1,
          "attributes": {
            "autoclass": [],
            "cors": [],
            "custom_placement_config": [],
            "default_event_based_hold": false,
            "effective_labels": {},
            "enable_object_retention": false,
            "encryption": [],
            "force_destroy": false,
            "id": "kartaca-gcp-bucket",
            "labels": {},
            "lifecycle_rule": [],
            "location": "EUROPE-WEST1",
            "logging": [],
            "name": "kartaca-gcp-bucket",
            "project": "kartaca-416714",
            "public_access_prevention": "inherited",
            "requester_pays": false,
            "retention_policy": [],
            "rpo": null,
            "self_link": "https://www.googleapis.com/storage/v1/b/kartaca-gcp-bucket",
            "storage_class": "STANDARD",
            "terraform_labels": {},
            "timeouts": null,
            "uniform_bucket_level_access": true,
            "url": "gs://kartaca-gcp-bucket",
            "versioning": [
              {
                "enabled": true
              }
            ],
            "website": []
          },
          "sensitive_attributes": [],
          "private": "eyJlMmJmYjczMC1lY2FhLTExZTYtOGY4OC0zNDM2M2JjN2M0YzAiOnsiY3JlYXRlIjo2MDAwMDAwMDAwMDAsInJlYWQiOjI0MDAwMDAwMDAwMCwidXBkYXRlIjoyNDAwMDAwMDAwMDB9LCJzY2hlbWFfdmVyc2lvbiI6IjEifQ=="
        }
      ]
    },
    {
      "mode": "managed",
      "type": "google_storage_bucket_object",
      "name": "terraform_state",
      "provider": "provider[\"registry.terraform.io/hashicorp/google\"]",
      "instances": [
        {
          "schema_version": 0,
          "attributes": {
            "bucket": "kartaca-gcp-bucket",
            "cache_control": "",
            "content": null,
            "content_disposition": "",
            "content_encoding": "",
            "content_language": "",
            "content_type": "text/plain; charset=utf-8",
            "crc32c": "1Mfr3g==",
            "customer_encryption": [],
            "detect_md5hash": "vKFNOcjlMQNbtFojtByYJw==",
            "event_based_hold": false,
            "id": "kartaca-gcp-bucket-terraform.tfstate",
            "kms_key_name": "",
            "md5hash": "vKFNOcjlMQNbtFojtByYJw==",
            "media_link": "https://storage.googleapis.com/download/storage/v1/b/kartaca-gcp-bucket/o/terraform.tfstate?generation=1710079480352989\u0026alt=media",
            "metadata": null,
            "name": "terraform.tfstate",
            "output_name": "terraform.tfstate",
            "retention": [],
            "self_link": "https://www.googleapis.com/storage/v1/b/kartaca-gcp-bucket/o/terraform.tfstate",
            "source": "./terraform.tfstate",
            "storage_class": "STANDARD",
            "temporary_hold": false,
            "timeouts": null
          },
          "sensitive_attributes": [],
          "private": "eyJlMmJmYjczMC1lY2FhLTExZTYtOGY4OC0zNDM2M2JjN2M0YzAiOnsiY3JlYXRlIjoyNDAwMDAwMDAwMDAsImRlbGV0ZSI6MjQwMDAwMDAwMDAwLCJ1cGRhdGUiOjI0MDAwMDAwMDAwMH19",
          "dependencies": [
            "google_storage_bucket.terraform_state_bucket"
          ]
        }
      ]
    },
    {
      "mode": "managed",
      "type": "google_storage_bucket_object",
      "name": "terraform_state_backup",
      "provider": "provider[\"registry.terraform.io/hashicorp/google\"]",
      "instances": [
        {
          "schema_version": 0,
          "attributes": {
            "bucket": "kartaca-gcp-bucket",
            "cache_control": "",
            "content": null,
            "content_disposition": "",
            "content_encoding": "",
            "content_language": "",
            "content_type": "text/plain; charset=utf-8",
            "crc32c": "mDyshg==",
            "customer_encryption": [],
            "detect_md5hash": "jgyWDkhsTloDPnDGWa2aHw==",
            "event_based_hold": false,
            "id": "kartaca-gcp-bucket-terraform.tfstate.backup",
            "kms_key_name": "",
            "md5hash": "jgyWDkhsTloDPnDGWa2aHw==",
            "media_link": "https://storage.googleapis.com/download/storage/v1/b/kartaca-gcp-bucket/o/terraform.tfstate.backup?generation=1710078801236787\u0026alt=media",
            "metadata": {},
            "name": "terraform.tfstate.backup",
            "output_name": "terraform.tfstate.backup",
            "retention": [],
            "self_link": "https://www.googleapis.com/storage/v1/b/kartaca-gcp-bucket/o/terraform.tfstate.backup",
            "source": "./terraform.tfstate.backup",
            "storage_class": "STANDARD",
            "temporary_hold": false,
            "timeouts": null
          },
          "sensitive_attributes": [],
          "private": "eyJlMmJmYjczMC1lY2FhLTExZTYtOGY4OC0zNDM2M2JjN2M0YzAiOnsiY3JlYXRlIjoyNDAwMDAwMDAwMDAsImRlbGV0ZSI6MjQwMDAwMDAwMDAwLCJ1cGRhdGUiOjI0MDAwMDAwMDAwMH19",
          "dependencies": [
            "google_storage_bucket.terraform_state_bucket"
          ]
        }
      ]
    }
  ],
  "check_results": null
}
